# THIS IS AN AUTOGENERATED FILE. DO NOT EDIT THIS FILE DIRECTLY.
# yarn lockfile v1


react-inject-script@^1.0.3:
  version "1.0.3"
  resolved "https://registry.yarnpkg.com/react-inject-script/-/react-inject-script-1.0.3.tgz#16109b9ad5a0290c0e4feb211a0da5c69e75d2bc"
  integrity sha512-d6XL18Id2tHb6Nch8AeqzQJYhJmK/DV2k1ZxYOgTvJsJ5PeANrySfOpghWXrnOd2njtt1Dcd52IJFgpdS3du7w==
